
Microsoft Visual Studio Solution File, Format Version 12.00
# Visual Studio 15
VisualStudioVersion = 15.0.26124.0
MinimumVisualStudioVersion = 15.0.26124.0
Project("{FAE04EC0-301F-11D3-BF4B-00C04F79EFBC}") = "Interpreter.Net", "Interpreter.Net\Interpreter.Net.csproj", "{5F130BD4-D2D1-4489-B9C1-CF49D4BBCF51}"
EndProject
Project("{FAE04EC0-301F-11D3-BF4B-00C04F79EFBC}") = "Interpreter.Net.Test", "Interpreter.Net.Test\Interpreter.Net.Test.csproj", "{C7FA5C54-CA20-4869-8D34-516430CAAEA5}"
EndProject
Global
	GlobalSection(SolutionConfigurationPlatforms) = preSolution
		Debug|Any CPU = Debug|Any CPU
		Debug|x64 = Debug|x64
		Debug|x86 = Debug|x86
		Release|Any CPU = Release|Any CPU
		Release|x64 = Release|x64
		Release|x86 = Release|x86
	EndGlobalSection
	GlobalSection(SolutionProperties) = preSolution
		HideSolutionNode = FALSE
	EndGlobalSection
	GlobalSection(ProjectConfigurationPlatforms) = postSolution
		{5F130BD4-D2D1-4489-B9C1-CF49D4BBCF51}.Debug|Any CPU.ActiveCfg = Debug|Any CPU
		{5F130BD4-D2D1-4489-B9C1-CF49D4BBCF51}.Debug|Any CPU.Build.0 = Debug|Any CPU
		{5F130BD4-D2D1-4489-B9C1-CF49D4BBCF51}.Debug|x64.ActiveCfg = Debug|Any CPU
		{5F130BD4-D2D1-4489-B9C1-CF49D4BBCF51}.Debug|x64.Build.0 = Debug|Any CPU
		{5F130BD4-D2D1-4489-B9C1-CF49D4BBCF51}.Debug|x86.ActiveCfg = Debug|Any CPU
		{5F130BD4-D2D1-4489-B9C1-CF49D4BBCF51}.Debug|x86.Build.0 = Debug|Any CPU
		{5F130BD4-D2D1-4489-B9C1-CF49D4BBCF51}.Release|Any CPU.ActiveCfg = Release|Any CPU
		{5F130BD4-D2D1-4489-B9C1-CF49D4BBCF51}.Release|Any CPU.Build.0 = Release|Any CPU
		{5F130BD4-D2D1-4489-B9C1-CF49D4BBCF51}.Release|x64.ActiveCfg = Release|Any CPU
		{5F130BD4-D2D1-4489-B9C1-CF49D4BBCF51}.Release|x64.Build.0 = Release|Any CPU
		{5F130BD4-D2D1-4489-B9C1-CF49D4BBCF51}.Release|x86.ActiveCfg = Release|Any CPU
		{5F130BD4-D2D1-4489-B9C1-CF49D4BBCF51}.Release|x86.Build.0 = Release|Any CPU
		{C7FA5C54-CA20-4869-8D34-516430CAAEA5}.Debug|Any CPU.ActiveCfg = Debug|Any CPU
		{C7FA5C54-CA20-4869-8D34-516430CAAEA5}.Debug|Any CPU.Build.0 = Debug|Any CPU
		{C7FA5C54-CA20-4869-8D34-516430CAAEA5}.Debug|x64.ActiveCfg = Debug|Any CPU
		{C7FA5C54-CA20-4869-8D34-516430CAAEA5}.Debug|x64.Build.0 = Debug|Any CPU
		{C7FA5C54-CA20-4869-8D34-516430CAAEA5}.Debug|x86.ActiveCfg = Debug|Any CPU
		{C7FA5C54-CA20-4869-8D34-516430CAAEA5}.Debug|x86.Build.0 = Debug|Any CPU
		{C7FA5C54-CA20-4869-8D34-516430CAAEA5}.Release|Any CPU.ActiveCfg = Release|Any CPU
		{C7FA5C54-CA20-4869-8D34-516430CAAEA5}.Release|Any CPU.Build.0 = Release|Any CPU
		{C7FA5C54-CA20-4869-8D34-516430CAAEA5}.Release|x64.ActiveCfg = Release|Any CPU
		{C7FA5C54-CA20-4869-8D34-516430CAAEA5}.Release|x64.Build.0 = Release|Any CPU
		{C7FA5C54-CA20-4869-8D34-516430CAAEA5}.Release|x86.ActiveCfg = Release|Any CPU
		{C7FA5C54-CA20-4869-8D34-516430CAAEA5}.Release|x86.Build.0 = Release|Any CPU
	EndGlobalSection
EndGlobal
